<?xml version="1.0" encoding="utf-8"?>
<Project ToolsVersion="4.0" xmlns="http://schemas.microsoft.com/developer/msbuild/2003">
  <ItemGroup>
    <Filter Include="Management">
      <UniqueIdentifier>{e958f860-ed3f-4041-94d9-7007eb3061a6}</UniqueIdentifier>
    </Filter>
    <Filter Include="Layer">
      <UniqueIdentifier>{541c6b2e-3c73-4bb7-9fbe-5e00805d3b10}</UniqueIdentifier>
    </Filter>
    <Filter Include="Component">
      <UniqueIdentifier>{444a7713-0b78-4126-aebf-9f91addbf475}</UniqueIdentifier>
    </Filter>
    <Filter Include="Object">
      <UniqueIdentifier>{bfa96606-52b2-46ef-b9cc-2b78f10310fd}</UniqueIdentifier>
    </Filter>
    <Filter Include="Component\Transform">
      <UniqueIdentifier>{b97137a7-bacc-4718-8240-09486ef7e3a0}</UniqueIdentifier>
    </Filter>
    <Filter Include="Component\Render">
      <UniqueIdentifier>{99b7f923-1d8b-4606-aa7f-b26ebd2c347d}</UniqueIdentifier>
    </Filter>
    <Filter Include="Prototype">
      <UniqueIdentifier>{85d18877-31c2-4945-ba32-16964399ac19}</UniqueIdentifier>
    </Filter>
    <Filter Include="Component\Collision">
      <UniqueIdentifier>{2ca10640-a141-4800-b099-34f202002c88}</UniqueIdentifier>
    </Filter>
    <Filter Include="Scene">
      <UniqueIdentifier>{ae1fa2be-e305-4917-910a-3320c6e17628}</UniqueIdentifier>
    </Filter>
    <Filter Include="Export">
      <UniqueIdentifier>{26382073-e170-40df-a814-6fe745d811eb}</UniqueIdentifier>
    </Filter>
    <Filter Include="Render">
      <UniqueIdentifier>{0b2e0cb1-3508-4ed8-9be2-dc65b34cdabe}</UniqueIdentifier>
    </Filter>
    <Filter Include="Render\RenderInterface">
      <UniqueIdentifier>{831748f7-02a6-456c-a959-2457d603b05b}</UniqueIdentifier>
    </Filter>
    <Filter Include="Render\Renderer">
      <UniqueIdentifier>{5777ec6a-7b07-4b08-a750-98a788d5f8de}</UniqueIdentifier>
    </Filter>
    <Filter Include="HeightMap">
      <UniqueIdentifier>{d67c2337-9072-469f-a56b-45c8525032dd}</UniqueIdentifier>
    </Filter>
    <Filter Include="Shader">
      <UniqueIdentifier>{6f7b12ed-a094-453c-bed6-856d2f58709f}</UniqueIdentifier>
    </Filter>
  </ItemGroup>
  <ItemGroup>
    <ClInclude Include="Codes\Management.h">
      <Filter>Management</Filter>
    </ClInclude>
    <ClInclude Include="Codes\Scene.h">
      <Filter>Scene</Filter>
    </ClInclude>
    <ClInclude Include="Codes\Layer.h">
      <Filter>Layer</Filter>
    </ClInclude>
    <ClInclude Include="Codes\Component.h">
      <Filter>Component</Filter>
    </ClInclude>
    <ClInclude Include="Codes\PrototypeManager.h">
      <Filter>Prototype</Filter>
    </ClInclude>
    <ClInclude Include="Codes\Transform.h">
      <Filter>Component\Transform</Filter>
    </ClInclude>
    <ClInclude Include="Codes\Object.h">
      <Filter>Object</Filter>
    </ClInclude>
    <ClInclude Include="Codes\ExportUtility.hpp">
      <Filter>Export</Filter>
    </ClInclude>
    <ClInclude Include="Codes\RenderInterface.h">
      <Filter>Render\RenderInterface</Filter>
    </ClInclude>
    <ClInclude Include="Codes\Renderer.h">
      <Filter>Render\Renderer</Filter>
    </ClInclude>
    <ClInclude Include="Codes\HeightMap.h">
      <Filter>HeightMap</Filter>
    </ClInclude>
    <ClInclude Include="Codes\Shader.h">
      <Filter>Shader</Filter>
    </ClInclude>
  </ItemGroup>
  <ItemGroup>
    <ClCompile Include="Codes\Management.cpp">
      <Filter>Management</Filter>
    </ClCompile>
    <ClCompile Include="Codes\Scene.cpp">
      <Filter>Scene</Filter>
    </ClCompile>
    <ClCompile Include="Codes\Layer.cpp">
      <Filter>Layer</Filter>
    </ClCompile>
    <ClCompile Include="Codes\Component.cpp">
      <Filter>Component</Filter>
    </ClCompile>
    <ClCompile Include="Codes\PrototypeManager.cpp">
      <Filter>Prototype</Filter>
    </ClCompile>
    <ClCompile Include="Codes\Transform.cpp">
      <Filter>Component\Transform</Filter>
    </ClCompile>
    <ClCompile Include="Codes\Object.cpp">
      <Filter>Object</Filter>
    </ClCompile>
    <ClCompile Include="Codes\RenderInterface.cpp">
      <Filter>Render\RenderInterface</Filter>
    </ClCompile>
    <ClCompile Include="Codes\Renderer.cpp">
      <Filter>Render\Renderer</Filter>
    </ClCompile>
    <ClCompile Include="Codes\HeightMap.cpp">
      <Filter>HeightMap</Filter>
    </ClCompile>
    <ClCompile Include="Codes\Shader.cpp">
      <Filter>Shader</Filter>
    </ClCompile>
  </ItemGroup>
</Project>