<?xml version="1.0" encoding="utf-8"?>
<Project ToolsVersion="4.0" xmlns="http://schemas.microsoft.com/developer/msbuild/2003">
  <ItemGroup>
    <Filter Include="Management">
      <UniqueIdentifier>{e958f860-ed3f-4041-94d9-7007eb3061a6}</UniqueIdentifier>
    </Filter>
    <Filter Include="Scene">
      <UniqueIdentifier>{ae1fa2be-e305-4917-910a-3320c6e17628}</UniqueIdentifier>
    </Filter>
    <Filter Include="Layer">
      <UniqueIdentifier>{541c6b2e-3c73-4bb7-9fbe-5e00805d3b10}</UniqueIdentifier>
    </Filter>
  </ItemGroup>
  <ItemGroup>
    <ClInclude Include="Codes\Management.h">
      <Filter>Management</Filter>
    </ClInclude>
    <ClInclude Include="Codes\Scene.h">
      <Filter>Scene</Filter>
    </ClInclude>
    <ClInclude Include="Codes\Layer.h">
      <Filter>Layer</Filter>
    </ClInclude>
  </ItemGroup>
  <ItemGroup>
    <ClCompile Include="Codes\Management.cpp">
      <Filter>Management</Filter>
    </ClCompile>
    <ClCompile Include="Codes\Scene.cpp">
      <Filter>Scene</Filter>
    </ClCompile>
    <ClCompile Include="Codes\Layer.cpp">
      <Filter>Layer</Filter>
    </ClCompile>
  </ItemGroup>
</Project>